// !$*UTF8*$!
{
	archiveVersion = 1;
	classes = {
	};
	objectVersion = 56;
	objects = {

/* Begin PBXBuildFile section */
		86028936290757D20081E026 /* ProfileView.swift in Sources */ = {isa = PBXBuildFile; fileRef = 86028935290757D20081E026 /* ProfileView.swift */; };
		86028937290757D20081E026 /* ProfileView.swift in Sources */ = {isa = PBXBuildFile; fileRef = 86028935290757D20081E026 /* ProfileView.swift */; };
		861A9DC02902C5EC00D62192 /* MockNetworkService.swift in Sources */ = {isa = PBXBuildFile; fileRef = 861A9DBF2902C5EC00D62192 /* MockNetworkService.swift */; };
		861A9DC22902C62900D62192 /* Book.swift in Sources */ = {isa = PBXBuildFile; fileRef = 86406BB02901BAFF00B3CD8D /* Book.swift */; };
		861A9DC32902C67F00D62192 /* BookViewModel.swift in Sources */ = {isa = PBXBuildFile; fileRef = 86406BAE2901BAB400B3CD8D /* BookViewModel.swift */; };
		861A9DC42902C72B00D62192 /* NetworkService.swift in Sources */ = {isa = PBXBuildFile; fileRef = 86406BBC2901BDD200B3CD8D /* NetworkService.swift */; };
		861A9DC52902C75A00D62192 /* URLRequestBuilder.swift in Sources */ = {isa = PBXBuildFile; fileRef = 86406BB62901BD6900B3CD8D /* URLRequestBuilder.swift */; };
		861A9DC62902C75F00D62192 /* AppEnvironment.swift in Sources */ = {isa = PBXBuildFile; fileRef = 86406BB82901BD9500B3CD8D /* AppEnvironment.swift */; };
		861A9DC72902C76200D62192 /* API.swift in Sources */ = {isa = PBXBuildFile; fileRef = 86406BBA2901BDB200B3CD8D /* API.swift */; };
		8623B7C82902FB0800E32BC3 /* BookRow.swift in Sources */ = {isa = PBXBuildFile; fileRef = 8623B7C72902FB0800E32BC3 /* BookRow.swift */; };
		8623B7C92902FB0800E32BC3 /* BookRow.swift in Sources */ = {isa = PBXBuildFile; fileRef = 8623B7C72902FB0800E32BC3 /* BookRow.swift */; };
		863D080C2907175D00F4696B /* SearchBar.swift in Sources */ = {isa = PBXBuildFile; fileRef = 863D080B2907175D00F4696B /* SearchBar.swift */; };
		863D080D2907175D00F4696B /* SearchBar.swift in Sources */ = {isa = PBXBuildFile; fileRef = 863D080B2907175D00F4696B /* SearchBar.swift */; };
		86406BAD2901B9A900B3CD8D /* BookListView.swift in Sources */ = {isa = PBXBuildFile; fileRef = 86910C012900B5170048A7BD /* BookListView.swift */; };
		86406BAF2901BAB400B3CD8D /* BookViewModel.swift in Sources */ = {isa = PBXBuildFile; fileRef = 86406BAE2901BAB400B3CD8D /* BookViewModel.swift */; };
		86406BB12901BAFF00B3CD8D /* Book.swift in Sources */ = {isa = PBXBuildFile; fileRef = 86406BB02901BAFF00B3CD8D /* Book.swift */; };
		86406BB42901BCB000B3CD8D /* Alamofire in Frameworks */ = {isa = PBXBuildFile; productRef = 86406BB32901BCB000B3CD8D /* Alamofire */; };
		86406BB72901BD6900B3CD8D /* URLRequestBuilder.swift in Sources */ = {isa = PBXBuildFile; fileRef = 86406BB62901BD6900B3CD8D /* URLRequestBuilder.swift */; };
		86406BB92901BD9500B3CD8D /* AppEnvironment.swift in Sources */ = {isa = PBXBuildFile; fileRef = 86406BB82901BD9500B3CD8D /* AppEnvironment.swift */; };
		86406BBB2901BDB200B3CD8D /* API.swift in Sources */ = {isa = PBXBuildFile; fileRef = 86406BBA2901BDB200B3CD8D /* API.swift */; };
		86406BBD2901BDD200B3CD8D /* NetworkService.swift in Sources */ = {isa = PBXBuildFile; fileRef = 86406BBC2901BDD200B3CD8D /* NetworkService.swift */; };
		8642E62E2908810500A0936C /* Database.swift in Sources */ = {isa = PBXBuildFile; fileRef = 8642E62D2908810500A0936C /* Database.swift */; };
		8642E62F2908811000A0936C /* Database.swift in Sources */ = {isa = PBXBuildFile; fileRef = 8642E62D2908810500A0936C /* Database.swift */; };
		864E3E3E2906C06E00F507DB /* BookDetailView.swift in Sources */ = {isa = PBXBuildFile; fileRef = 864E3E3D2906C06E00F507DB /* BookDetailView.swift */; };
		864E3E3F2906C06E00F507DB /* BookDetailView.swift in Sources */ = {isa = PBXBuildFile; fileRef = 864E3E3D2906C06E00F507DB /* BookDetailView.swift */; };
		8651DF1A290960C500BB61E2 /* AllBooksListView.swift in Sources */ = {isa = PBXBuildFile; fileRef = 8651DF19290960C500BB61E2 /* AllBooksListView.swift */; };
		8651DF1B290960C500BB61E2 /* AllBooksListView.swift in Sources */ = {isa = PBXBuildFile; fileRef = 8651DF19290960C500BB61E2 /* AllBooksListView.swift */; };
		8651DF1D290960F500BB61E2 /* FormFieldView.swift in Sources */ = {isa = PBXBuildFile; fileRef = 8651DF1C290960F500BB61E2 /* FormFieldView.swift */; };
		8651DF1E290960F500BB61E2 /* FormFieldView.swift in Sources */ = {isa = PBXBuildFile; fileRef = 8651DF1C290960F500BB61E2 /* FormFieldView.swift */; };
		8651DF202909663500BB61E2 /* CartView.swift in Sources */ = {isa = PBXBuildFile; fileRef = 8651DF1F2909663500BB61E2 /* CartView.swift */; };
		8651DF212909663500BB61E2 /* CartView.swift in Sources */ = {isa = PBXBuildFile; fileRef = 8651DF1F2909663500BB61E2 /* CartView.swift */; };
		86878DB1290725FC002F84B9 /* SearchBookTests.swift in Sources */ = {isa = PBXBuildFile; fileRef = 86878DB0290725FC002F84B9 /* SearchBookTests.swift */; };
		86910C022900B5170048A7BD /* BookListView.swift in Sources */ = {isa = PBXBuildFile; fileRef = 86910C012900B5170048A7BD /* BookListView.swift */; };
		86910C072900BB2F0048A7BD /* LoginViewModel.swift in Sources */ = {isa = PBXBuildFile; fileRef = 86910C062900BB2F0048A7BD /* LoginViewModel.swift */; };
		86910C092900BB850048A7BD /* LoginValidationTests.swift in Sources */ = {isa = PBXBuildFile; fileRef = 86910C082900BB850048A7BD /* LoginValidationTests.swift */; };
		86910C0A2900BC580048A7BD /* LoginViewModel.swift in Sources */ = {isa = PBXBuildFile; fileRef = 86910C062900BB2F0048A7BD /* LoginViewModel.swift */; };
		86910C0D2900BE200048A7BD /* String+extension.swift in Sources */ = {isa = PBXBuildFile; fileRef = 86910C0C2900BE200048A7BD /* String+extension.swift */; };
		86910C0F2900BE430048A7BD /* EmailValidationTests.swift in Sources */ = {isa = PBXBuildFile; fileRef = 86910C0E2900BE420048A7BD /* EmailValidationTests.swift */; };
		86910C102900C1AB0048A7BD /* String+extension.swift in Sources */ = {isa = PBXBuildFile; fileRef = 86910C0C2900BE200048A7BD /* String+extension.swift */; };
		86910C122900C8480048A7BD /* User.swift in Sources */ = {isa = PBXBuildFile; fileRef = 86910C112900C8480048A7BD /* User.swift */; };
		86910C132900C84F0048A7BD /* User.swift in Sources */ = {isa = PBXBuildFile; fileRef = 86910C112900C8480048A7BD /* User.swift */; };
		86B3272D2906D19D00708D84 /* LoadingAnimationView.swift in Sources */ = {isa = PBXBuildFile; fileRef = 86B3272C2906D19D00708D84 /* LoadingAnimationView.swift */; };
		86B3272E2906D19D00708D84 /* LoadingAnimationView.swift in Sources */ = {isa = PBXBuildFile; fileRef = 86B3272C2906D19D00708D84 /* LoadingAnimationView.swift */; };
		86D88D71290063EB004B456A /* BookMediaApp.swift in Sources */ = {isa = PBXBuildFile; fileRef = 86D88D70290063EB004B456A /* BookMediaApp.swift */; };
		86D88D73290063EB004B456A /* LoginView.swift in Sources */ = {isa = PBXBuildFile; fileRef = 86D88D72290063EB004B456A /* LoginView.swift */; };
		86D88D75290063EE004B456A /* Assets.xcassets in Resources */ = {isa = PBXBuildFile; fileRef = 86D88D74290063EE004B456A /* Assets.xcassets */; };
		86D88D78290063EE004B456A /* Preview Assets.xcassets in Resources */ = {isa = PBXBuildFile; fileRef = 86D88D77290063EE004B456A /* Preview Assets.xcassets */; };
		86D88D8529006455004B456A /* FetchBooksTests.swift in Sources */ = {isa = PBXBuildFile; fileRef = 86D88D8429006455004B456A /* FetchBooksTests.swift */; };
/* End PBXBuildFile section */

/* Begin PBXContainerItemProxy section */
		86D88D8629006455004B456A /* PBXContainerItemProxy */ = {
			isa = PBXContainerItemProxy;
			containerPortal = 86D88D65290063EA004B456A /* Project object */;
			proxyType = 1;
			remoteGlobalIDString = 86D88D6C290063EB004B456A;
			remoteInfo = BookMedia;
		};
/* End PBXContainerItemProxy section */

/* Begin PBXFileReference section */
		86028935290757D20081E026 /* ProfileView.swift */ = {isa = PBXFileReference; lastKnownFileType = sourcecode.swift; path = ProfileView.swift; sourceTree = "<group>"; };
		861A9DBE2902C41300D62192 /* Info.plist */ = {isa = PBXFileReference; lastKnownFileType = text.plist; path = Info.plist; sourceTree = "<group>"; };
		861A9DBF2902C5EC00D62192 /* MockNetworkService.swift */ = {isa = PBXFileReference; lastKnownFileType = sourcecode.swift; path = MockNetworkService.swift; sourceTree = "<group>"; };
		8623B7C72902FB0800E32BC3 /* BookRow.swift */ = {isa = PBXFileReference; lastKnownFileType = sourcecode.swift; path = BookRow.swift; sourceTree = "<group>"; };
		863D080B2907175D00F4696B /* SearchBar.swift */ = {isa = PBXFileReference; lastKnownFileType = sourcecode.swift; path = SearchBar.swift; sourceTree = "<group>"; };
		86406BAE2901BAB400B3CD8D /* BookViewModel.swift */ = {isa = PBXFileReference; lastKnownFileType = sourcecode.swift; path = BookViewModel.swift; sourceTree = "<group>"; };
		86406BB02901BAFF00B3CD8D /* Book.swift */ = {isa = PBXFileReference; lastKnownFileType = sourcecode.swift; path = Book.swift; sourceTree = "<group>"; };
		86406BB62901BD6900B3CD8D /* URLRequestBuilder.swift */ = {isa = PBXFileReference; lastKnownFileType = sourcecode.swift; path = URLRequestBuilder.swift; sourceTree = "<group>"; };
		86406BB82901BD9500B3CD8D /* AppEnvironment.swift */ = {isa = PBXFileReference; lastKnownFileType = sourcecode.swift; path = AppEnvironment.swift; sourceTree = "<group>"; };
		86406BBA2901BDB200B3CD8D /* API.swift */ = {isa = PBXFileReference; lastKnownFileType = sourcecode.swift; path = API.swift; sourceTree = "<group>"; };
		86406BBC2901BDD200B3CD8D /* NetworkService.swift */ = {isa = PBXFileReference; lastKnownFileType = sourcecode.swift; path = NetworkService.swift; sourceTree = "<group>"; };
		8642E62D2908810500A0936C /* Database.swift */ = {isa = PBXFileReference; lastKnownFileType = sourcecode.swift; path = Database.swift; sourceTree = "<group>"; };
		864E3E3D2906C06E00F507DB /* BookDetailView.swift */ = {isa = PBXFileReference; lastKnownFileType = sourcecode.swift; path = BookDetailView.swift; sourceTree = "<group>"; };
		8651DF19290960C500BB61E2 /* AllBooksListView.swift */ = {isa = PBXFileReference; lastKnownFileType = sourcecode.swift; path = AllBooksListView.swift; sourceTree = "<group>"; };
		8651DF1C290960F500BB61E2 /* FormFieldView.swift */ = {isa = PBXFileReference; lastKnownFileType = sourcecode.swift; path = FormFieldView.swift; sourceTree = "<group>"; };
		8651DF1F2909663500BB61E2 /* CartView.swift */ = {isa = PBXFileReference; lastKnownFileType = sourcecode.swift; path = CartView.swift; sourceTree = "<group>"; };
		86878DB0290725FC002F84B9 /* SearchBookTests.swift */ = {isa = PBXFileReference; lastKnownFileType = sourcecode.swift; path = SearchBookTests.swift; sourceTree = "<group>"; };
		86910C012900B5170048A7BD /* BookListView.swift */ = {isa = PBXFileReference; lastKnownFileType = sourcecode.swift; path = BookListView.swift; sourceTree = "<group>"; };
		86910C062900BB2F0048A7BD /* LoginViewModel.swift */ = {isa = PBXFileReference; lastKnownFileType = sourcecode.swift; path = LoginViewModel.swift; sourceTree = "<group>"; };
		86910C082900BB850048A7BD /* LoginValidationTests.swift */ = {isa = PBXFileReference; lastKnownFileType = sourcecode.swift; path = LoginValidationTests.swift; sourceTree = "<group>"; };
		86910C0C2900BE200048A7BD /* String+extension.swift */ = {isa = PBXFileReference; lastKnownFileType = sourcecode.swift; path = "String+extension.swift"; sourceTree = "<group>"; };
		86910C0E2900BE420048A7BD /* EmailValidationTests.swift */ = {isa = PBXFileReference; lastKnownFileType = sourcecode.swift; path = EmailValidationTests.swift; sourceTree = "<group>"; };
		86910C112900C8480048A7BD /* User.swift */ = {isa = PBXFileReference; lastKnownFileType = sourcecode.swift; path = User.swift; sourceTree = "<group>"; };
		86B3272C2906D19D00708D84 /* LoadingAnimationView.swift */ = {isa = PBXFileReference; lastKnownFileType = sourcecode.swift; path = LoadingAnimationView.swift; sourceTree = "<group>"; };
		86D88D6D290063EB004B456A /* BookMedia.app */ = {isa = PBXFileReference; explicitFileType = wrapper.application; includeInIndex = 0; path = BookMedia.app; sourceTree = BUILT_PRODUCTS_DIR; };
		86D88D70290063EB004B456A /* BookMediaApp.swift */ = {isa = PBXFileReference; lastKnownFileType = sourcecode.swift; path = BookMediaApp.swift; sourceTree = "<group>"; };
		86D88D72290063EB004B456A /* LoginView.swift */ = {isa = PBXFileReference; lastKnownFileType = sourcecode.swift; path = LoginView.swift; sourceTree = "<group>"; };
		86D88D74290063EE004B456A /* Assets.xcassets */ = {isa = PBXFileReference; lastKnownFileType = folder.assetcatalog; path = Assets.xcassets; sourceTree = "<group>"; };
		86D88D77290063EE004B456A /* Preview Assets.xcassets */ = {isa = PBXFileReference; lastKnownFileType = folder.assetcatalog; path = "Preview Assets.xcassets"; sourceTree = "<group>"; };
		86D88D8229006454004B456A /* BookMediaTests.xctest */ = {isa = PBXFileReference; explicitFileType = wrapper.cfbundle; includeInIndex = 0; path = BookMediaTests.xctest; sourceTree = BUILT_PRODUCTS_DIR; };
		86D88D8429006455004B456A /* FetchBooksTests.swift */ = {isa = PBXFileReference; lastKnownFileType = sourcecode.swift; path = FetchBooksTests.swift; sourceTree = "<group>"; };
/* End PBXFileReference section */

/* Begin PBXFrameworksBuildPhase section */
		86D88D6A290063EB004B456A /* Frameworks */ = {
			isa = PBXFrameworksBuildPhase;
			buildActionMask = 2147483647;
			files = (
				86406BB42901BCB000B3CD8D /* Alamofire in Frameworks */,
			);
			runOnlyForDeploymentPostprocessing = 0;
		};
		86D88D7F29006454004B456A /* Frameworks */ = {
			isa = PBXFrameworksBuildPhase;
			buildActionMask = 2147483647;
			files = (
			);
			runOnlyForDeploymentPostprocessing = 0;
		};
/* End PBXFrameworksBuildPhase section */

/* Begin PBXGroup section */
		86406BB52901BD1000B3CD8D /* NetworkLayer */ = {
			isa = PBXGroup;
			children = (
				86406BB62901BD6900B3CD8D /* URLRequestBuilder.swift */,
				86406BB82901BD9500B3CD8D /* AppEnvironment.swift */,
				86406BBA2901BDB200B3CD8D /* API.swift */,
				86406BBC2901BDD200B3CD8D /* NetworkService.swift */,
			);
			path = NetworkLayer;
			sourceTree = "<group>";
		};
		86910C032900BB0A0048A7BD /* View */ = {
			isa = PBXGroup;
			children = (
				86D88D72290063EB004B456A /* LoginView.swift */,
				8651DF1C290960F500BB61E2 /* FormFieldView.swift */,
				86910C012900B5170048A7BD /* BookListView.swift */,
				8651DF19290960C500BB61E2 /* AllBooksListView.swift */,
				8623B7C72902FB0800E32BC3 /* BookRow.swift */,
				864E3E3D2906C06E00F507DB /* BookDetailView.swift */,
				86B3272C2906D19D00708D84 /* LoadingAnimationView.swift */,
				863D080B2907175D00F4696B /* SearchBar.swift */,
				86028935290757D20081E026 /* ProfileView.swift */,
				8651DF1F2909663500BB61E2 /* CartView.swift */,
			);
			path = View;
			sourceTree = "<group>";
		};
		86910C042900BB150048A7BD /* ViewModel */ = {
			isa = PBXGroup;
			children = (
				86910C062900BB2F0048A7BD /* LoginViewModel.swift */,
				86406BAE2901BAB400B3CD8D /* BookViewModel.swift */,
			);
			path = ViewModel;
			sourceTree = "<group>";
		};
		86910C052900BB1E0048A7BD /* Model */ = {
			isa = PBXGroup;
			children = (
				86910C112900C8480048A7BD /* User.swift */,
				86406BB02901BAFF00B3CD8D /* Book.swift */,
			);
			path = Model;
			sourceTree = "<group>";
		};
		86910C0B2900BE0E0048A7BD /* Extensions */ = {
			isa = PBXGroup;
			children = (
				86910C0C2900BE200048A7BD /* String+extension.swift */,
			);
			path = Extensions;
			sourceTree = "<group>";
		};
		86D88D64290063EA004B456A = {
			isa = PBXGroup;
			children = (
				86D88D6F290063EB004B456A /* BookMedia */,
				86D88D8329006455004B456A /* BookMediaTests */,
				86D88D6E290063EB004B456A /* Products */,
			);
			sourceTree = "<group>";
		};
		86D88D6E290063EB004B456A /* Products */ = {
			isa = PBXGroup;
			children = (
				86D88D6D290063EB004B456A /* BookMedia.app */,
				86D88D8229006454004B456A /* BookMediaTests.xctest */,
			);
			name = Products;
			sourceTree = "<group>";
		};
		86D88D6F290063EB004B456A /* BookMedia */ = {
			isa = PBXGroup;
			children = (
				861A9DBE2902C41300D62192 /* Info.plist */,
				86D88D70290063EB004B456A /* BookMediaApp.swift */,
				8642E62D2908810500A0936C /* Database.swift */,
				86406BB52901BD1000B3CD8D /* NetworkLayer */,
				86910C0B2900BE0E0048A7BD /* Extensions */,
				86910C052900BB1E0048A7BD /* Model */,
				86910C042900BB150048A7BD /* ViewModel */,
				86910C032900BB0A0048A7BD /* View */,
				86D88D74290063EE004B456A /* Assets.xcassets */,
				86D88D76290063EE004B456A /* Preview Content */,
			);
			path = BookMedia;
			sourceTree = "<group>";
		};
		86D88D76290063EE004B456A /* Preview Content */ = {
			isa = PBXGroup;
			children = (
				86D88D77290063EE004B456A /* Preview Assets.xcassets */,
			);
			path = "Preview Content";
			sourceTree = "<group>";
		};
		86D88D8329006455004B456A /* BookMediaTests */ = {
			isa = PBXGroup;
			children = (
				86910C0E2900BE420048A7BD /* EmailValidationTests.swift */,
				86910C082900BB850048A7BD /* LoginValidationTests.swift */,
				861A9DBF2902C5EC00D62192 /* MockNetworkService.swift */,
				86D88D8429006455004B456A /* FetchBooksTests.swift */,
				86878DB0290725FC002F84B9 /* SearchBookTests.swift */,
			);
			path = BookMediaTests;
			sourceTree = "<group>";
		};
/* End PBXGroup section */

/* Begin PBXNativeTarget section */
		86D88D6C290063EB004B456A /* BookMedia */ = {
			isa = PBXNativeTarget;
			buildConfigurationList = 86D88D7B290063EE004B456A /* Build configuration list for PBXNativeTarget "BookMedia" */;
			buildPhases = (
				86D88D69290063EB004B456A /* Sources */,
				86D88D6A290063EB004B456A /* Frameworks */,
				86D88D6B290063EB004B456A /* Resources */,
			);
			buildRules = (
			);
			dependencies = (
			);
			name = BookMedia;
			packageProductDependencies = (
				86406BB32901BCB000B3CD8D /* Alamofire */,
			);
			productName = BookMedia;
			productReference = 86D88D6D290063EB004B456A /* BookMedia.app */;
			productType = "com.apple.product-type.application";
		};
		86D88D8129006454004B456A /* BookMediaTests */ = {
			isa = PBXNativeTarget;
			buildConfigurationList = 86D88D8829006455004B456A /* Build configuration list for PBXNativeTarget "BookMediaTests" */;
			buildPhases = (
				86D88D7E29006454004B456A /* Sources */,
				86D88D7F29006454004B456A /* Frameworks */,
				86D88D8029006454004B456A /* Resources */,
			);
			buildRules = (
			);
			dependencies = (
				86D88D8729006455004B456A /* PBXTargetDependency */,
			);
			name = BookMediaTests;
			productName = BookMediaTests;
			productReference = 86D88D8229006454004B456A /* BookMediaTests.xctest */;
			productType = "com.apple.product-type.bundle.unit-test";
		};
/* End PBXNativeTarget section */

/* Begin PBXProject section */
		86D88D65290063EA004B456A /* Project object */ = {
			isa = PBXProject;
			attributes = {
				BuildIndependentTargetsInParallel = 1;
				LastSwiftUpdateCheck = 1400;
				LastUpgradeCheck = 1400;
				TargetAttributes = {
					86D88D6C290063EB004B456A = {
						CreatedOnToolsVersion = 14.0.1;
					};
					86D88D8129006454004B456A = {
						CreatedOnToolsVersion = 14.0.1;
						TestTargetID = 86D88D6C290063EB004B456A;
					};
				};
			};
			buildConfigurationList = 86D88D68290063EA004B456A /* Build configuration list for PBXProject "BookMedia" */;
			compatibilityVersion = "Xcode 14.0";
			developmentRegion = en;
			hasScannedForEncodings = 0;
			knownRegions = (
				en,
				Base,
			);
			mainGroup = 86D88D64290063EA004B456A;
			packageReferences = (
				86406BB22901BCB000B3CD8D /* XCRemoteSwiftPackageReference "Alamofire" */,
			);
			productRefGroup = 86D88D6E290063EB004B456A /* Products */;
			projectDirPath = "";
			projectRoot = "";
			targets = (
				86D88D6C290063EB004B456A /* BookMedia */,
				86D88D8129006454004B456A /* BookMediaTests */,
			);
		};
/* End PBXProject section */

/* Begin PBXResourcesBuildPhase section */
		86D88D6B290063EB004B456A /* Resources */ = {
			isa = PBXResourcesBuildPhase;
			buildActionMask = 2147483647;
			files = (
				86D88D78290063EE004B456A /* Preview Assets.xcassets in Resources */,
				86D88D75290063EE004B456A /* Assets.xcassets in Resources */,
			);
			runOnlyForDeploymentPostprocessing = 0;
		};
		86D88D8029006454004B456A /* Resources */ = {
			isa = PBXResourcesBuildPhase;
			buildActionMask = 2147483647;
			files = (
			);
			runOnlyForDeploymentPostprocessing = 0;
		};
/* End PBXResourcesBuildPhase section */

/* Begin PBXSourcesBuildPhase section */
		86D88D69290063EB004B456A /* Sources */ = {
			isa = PBXSourcesBuildPhase;
			buildActionMask = 2147483647;
			files = (
				86028936290757D20081E026 /* ProfileView.swift in Sources */,
				8651DF1A290960C500BB61E2 /* AllBooksListView.swift in Sources */,
				86B3272D2906D19D00708D84 /* LoadingAnimationView.swift in Sources */,
				86406BBB2901BDB200B3CD8D /* API.swift in Sources */,
				86406BB12901BAFF00B3CD8D /* Book.swift in Sources */,
				86910C072900BB2F0048A7BD /* LoginViewModel.swift in Sources */,
				86406BB72901BD6900B3CD8D /* URLRequestBuilder.swift in Sources */,
				8642E62E2908810500A0936C /* Database.swift in Sources */,
				863D080C2907175D00F4696B /* SearchBar.swift in Sources */,
				86406BAF2901BAB400B3CD8D /* BookViewModel.swift in Sources */,
				86910C0D2900BE200048A7BD /* String+extension.swift in Sources */,
				864E3E3E2906C06E00F507DB /* BookDetailView.swift in Sources */,
				86406BB92901BD9500B3CD8D /* AppEnvironment.swift in Sources */,
				8651DF1D290960F500BB61E2 /* FormFieldView.swift in Sources */,
				86910C122900C8480048A7BD /* User.swift in Sources */,
				8651DF202909663500BB61E2 /* CartView.swift in Sources */,
				86D88D73290063EB004B456A /* LoginView.swift in Sources */,
				86910C022900B5170048A7BD /* BookListView.swift in Sources */,
				86406BBD2901BDD200B3CD8D /* NetworkService.swift in Sources */,
				8623B7C82902FB0800E32BC3 /* BookRow.swift in Sources */,
				86D88D71290063EB004B456A /* BookMediaApp.swift in Sources */,
			);
			runOnlyForDeploymentPostprocessing = 0;
		};
		86D88D7E29006454004B456A /* Sources */ = {
			isa = PBXSourcesBuildPhase;
			buildActionMask = 2147483647;
			files = (
				861A9DC42902C72B00D62192 /* NetworkService.swift in Sources */,
				8651DF1E290960F500BB61E2 /* FormFieldView.swift in Sources */,
				861A9DC02902C5EC00D62192 /* MockNetworkService.swift in Sources */,
				86910C092900BB850048A7BD /* LoginValidationTests.swift in Sources */,
				86910C102900C1AB0048A7BD /* String+extension.swift in Sources */,
				86910C132900C84F0048A7BD /* User.swift in Sources */,
				8651DF212909663500BB61E2 /* CartView.swift in Sources */,
				8651DF1B290960C500BB61E2 /* AllBooksListView.swift in Sources */,
				863D080D2907175D00F4696B /* SearchBar.swift in Sources */,
				861A9DC52902C75A00D62192 /* URLRequestBuilder.swift in Sources */,
				86B3272E2906D19D00708D84 /* LoadingAnimationView.swift in Sources */,
				861A9DC72902C76200D62192 /* API.swift in Sources */,
				86D88D8529006455004B456A /* FetchBooksTests.swift in Sources */,
				864E3E3F2906C06E00F507DB /* BookDetailView.swift in Sources */,
				861A9DC32902C67F00D62192 /* BookViewModel.swift in Sources */,
				8642E62F2908811000A0936C /* Database.swift in Sources */,
				861A9DC62902C75F00D62192 /* AppEnvironment.swift in Sources */,
				86878DB1290725FC002F84B9 /* SearchBookTests.swift in Sources */,
				861A9DC22902C62900D62192 /* Book.swift in Sources */,
				8623B7C92902FB0800E32BC3 /* BookRow.swift in Sources */,
				86910C0A2900BC580048A7BD /* LoginViewModel.swift in Sources */,
				86406BAD2901B9A900B3CD8D /* BookListView.swift in Sources */,
				86028937290757D20081E026 /* ProfileView.swift in Sources */,
				86910C0F2900BE430048A7BD /* EmailValidationTests.swift in Sources */,
			);
			runOnlyForDeploymentPostprocessing = 0;
		};
/* End PBXSourcesBuildPhase section */

/* Begin PBXTargetDependency section */
		86D88D8729006455004B456A /* PBXTargetDependency */ = {
			isa = PBXTargetDependency;
			target = 86D88D6C290063EB004B456A /* BookMedia */;
			targetProxy = 86D88D8629006455004B456A /* PBXContainerItemProxy */;
		};
/* End PBXTargetDependency section */

/* Begin XCBuildConfiguration section */
		86D88D79290063EE004B456A /* Debug */ = {
			isa = XCBuildConfiguration;
			buildSettings = {
				ALWAYS_SEARCH_USER_PATHS = NO;
				CLANG_ANALYZER_NONNULL = YES;
				CLANG_ANALYZER_NUMBER_OBJECT_CONVERSION = YES_AGGRESSIVE;
				CLANG_CXX_LANGUAGE_STANDARD = "gnu++20";
				CLANG_ENABLE_MODULES = YES;
				CLANG_ENABLE_OBJC_ARC = YES;
				CLANG_ENABLE_OBJC_WEAK = YES;
				CLANG_WARN_BLOCK_CAPTURE_AUTORELEASING = YES;
				CLANG_WARN_BOOL_CONVERSION = YES;
				CLANG_WARN_COMMA = YES;
				CLANG_WARN_CONSTANT_CONVERSION = YES;
				CLANG_WARN_DEPRECATED_OBJC_IMPLEMENTATIONS = YES;
				CLANG_WARN_DIRECT_OBJC_ISA_USAGE = YES_ERROR;
				CLANG_WARN_DOCUMENTATION_COMMENTS = YES;
				CLANG_WARN_EMPTY_BODY = YES;
				CLANG_WARN_ENUM_CONVERSION = YES;
				CLANG_WARN_INFINITE_RECURSION = YES;
				CLANG_WARN_INT_CONVERSION = YES;
				CLANG_WARN_NON_LITERAL_NULL_CONVERSION = YES;
				CLANG_WARN_OBJC_IMPLICIT_RETAIN_SELF = YES;
				CLANG_WARN_OBJC_LITERAL_CONVERSION = YES;
				CLANG_WARN_OBJC_ROOT_CLASS = YES_ERROR;
				CLANG_WARN_QUOTED_INCLUDE_IN_FRAMEWORK_HEADER = YES;
				CLANG_WARN_RANGE_LOOP_ANALYSIS = YES;
				CLANG_WARN_STRICT_PROTOTYPES = YES;
				CLANG_WARN_SUSPICIOUS_MOVE = YES;
				CLANG_WARN_UNGUARDED_AVAILABILITY = YES_AGGRESSIVE;
				CLANG_WARN_UNREACHABLE_CODE = YES;
				CLANG_WARN__DUPLICATE_METHOD_MATCH = YES;
				COPY_PHASE_STRIP = NO;
				DEBUG_INFORMATION_FORMAT = dwarf;
				ENABLE_STRICT_OBJC_MSGSEND = YES;
				ENABLE_TESTABILITY = YES;
				GCC_C_LANGUAGE_STANDARD = gnu11;
				GCC_DYNAMIC_NO_PIC = NO;
				GCC_NO_COMMON_BLOCKS = YES;
				GCC_OPTIMIZATION_LEVEL = 0;
				GCC_PREPROCESSOR_DEFINITIONS = (
					"DEBUG=1",
					"$(inherited)",
				);
				GCC_WARN_64_TO_32_BIT_CONVERSION = YES;
				GCC_WARN_ABOUT_RETURN_TYPE = YES_ERROR;
				GCC_WARN_UNDECLARED_SELECTOR = YES;
				GCC_WARN_UNINITIALIZED_AUTOS = YES_AGGRESSIVE;
				GCC_WARN_UNUSED_FUNCTION = YES;
				GCC_WARN_UNUSED_VARIABLE = YES;
				IPHONEOS_DEPLOYMENT_TARGET = 14.0;
				MTL_ENABLE_DEBUG_INFO = INCLUDE_SOURCE;
				MTL_FAST_MATH = YES;
				ONLY_ACTIVE_ARCH = YES;
				SDKROOT = iphoneos;
				SWIFT_ACTIVE_COMPILATION_CONDITIONS = DEBUG;
				SWIFT_OPTIMIZATION_LEVEL = "-Onone";
			};
			name = Debug;
		};
		86D88D7A290063EE004B456A /* Release */ = {
			isa = XCBuildConfiguration;
			buildSettings = {
				ALWAYS_SEARCH_USER_PATHS = NO;
				CLANG_ANALYZER_NONNULL = YES;
				CLANG_ANALYZER_NUMBER_OBJECT_CONVERSION = YES_AGGRESSIVE;
				CLANG_CXX_LANGUAGE_STANDARD = "gnu++20";
				CLANG_ENABLE_MODULES = YES;
				CLANG_ENABLE_OBJC_ARC = YES;
				CLANG_ENABLE_OBJC_WEAK = YES;
				CLANG_WARN_BLOCK_CAPTURE_AUTORELEASING = YES;
				CLANG_WARN_BOOL_CONVERSION = YES;
				CLANG_WARN_COMMA = YES;
				CLANG_WARN_CONSTANT_CONVERSION = YES;
				CLANG_WARN_DEPRECATED_OBJC_IMPLEMENTATIONS = YES;
				CLANG_WARN_DIRECT_OBJC_ISA_USAGE = YES_ERROR;
				CLANG_WARN_DOCUMENTATION_COMMENTS = YES;
				CLANG_WARN_EMPTY_BODY = YES;
				CLANG_WARN_ENUM_CONVERSION = YES;
				CLANG_WARN_INFINITE_RECURSION = YES;
				CLANG_WARN_INT_CONVERSION = YES;
				CLANG_WARN_NON_LITERAL_NULL_CONVERSION = YES;
				CLANG_WARN_OBJC_IMPLICIT_RETAIN_SELF = YES;
				CLANG_WARN_OBJC_LITERAL_CONVERSION = YES;
				CLANG_WARN_OBJC_ROOT_CLASS = YES_ERROR;
				CLANG_WARN_QUOTED_INCLUDE_IN_FRAMEWORK_HEADER = YES;
				CLANG_WARN_RANGE_LOOP_ANALYSIS = YES;
				CLANG_WARN_STRICT_PROTOTYPES = YES;
				CLANG_WARN_SUSPICIOUS_MOVE = YES;
				CLANG_WARN_UNGUARDED_AVAILABILITY = YES_AGGRESSIVE;
				CLANG_WARN_UNREACHABLE_CODE = YES;
				CLANG_WARN__DUPLICATE_METHOD_MATCH = YES;
				COPY_PHASE_STRIP = NO;
				DEBUG_INFORMATION_FORMAT = "dwarf-with-dsym";
				ENABLE_NS_ASSERTIONS = NO;
				ENABLE_STRICT_OBJC_MSGSEND = YES;
				GCC_C_LANGUAGE_STANDARD = gnu11;
				GCC_NO_COMMON_BLOCKS = YES;
				GCC_WARN_64_TO_32_BIT_CONVERSION = YES;
				GCC_WARN_ABOUT_RETURN_TYPE = YES_ERROR;
				GCC_WARN_UNDECLARED_SELECTOR = YES;
				GCC_WARN_UNINITIALIZED_AUTOS = YES_AGGRESSIVE;
				GCC_WARN_UNUSED_FUNCTION = YES;
				GCC_WARN_UNUSED_VARIABLE = YES;
				IPHONEOS_DEPLOYMENT_TARGET = 14.0;
				MTL_ENABLE_DEBUG_INFO = NO;
				MTL_FAST_MATH = YES;
				SDKROOT = iphoneos;
				SWIFT_COMPILATION_MODE = wholemodule;
				SWIFT_OPTIMIZATION_LEVEL = "-O";
				VALIDATE_PRODUCT = YES;
			};
			name = Release;
		};
		86D88D7C290063EE004B456A /* Debug */ = {
			isa = XCBuildConfiguration;
			buildSettings = {
				ASSETCATALOG_COMPILER_APPICON_NAME = AppIcon;
				ASSETCATALOG_COMPILER_GLOBAL_ACCENT_COLOR_NAME = AccentColor;
				CODE_SIGN_STYLE = Automatic;
				CURRENT_PROJECT_VERSION = 1;
				DEVELOPMENT_ASSET_PATHS = "\"BookMedia/Preview Content\"";
				DEVELOPMENT_TEAM = FA2SLC6S8Z;
				ENABLE_PREVIEWS = YES;
				GENERATE_INFOPLIST_FILE = YES;
				INFOPLIST_FILE = BookMedia/Info.plist;
				INFOPLIST_KEY_LSApplicationCategoryType = "public.app-category.books";
				INFOPLIST_KEY_UIApplicationSceneManifest_Generation = YES;
				INFOPLIST_KEY_UIApplicationSupportsIndirectInputEvents = YES;
				INFOPLIST_KEY_UILaunchScreen_Generation = YES;
				INFOPLIST_KEY_UISupportedInterfaceOrientations_iPad = "UIInterfaceOrientationPortrait UIInterfaceOrientationPortraitUpsideDown UIInterfaceOrientationLandscapeLeft UIInterfaceOrientationLandscapeRight";
				INFOPLIST_KEY_UISupportedInterfaceOrientations_iPhone = "UIInterfaceOrientationPortrait UIInterfaceOrientationLandscapeLeft UIInterfaceOrientationLandscapeRight";
				IPHONEOS_DEPLOYMENT_TARGET = 14.0;
				LD_RUNPATH_SEARCH_PATHS = (
					"$(inherited)",
					"@executable_path/Frameworks",
				);
				MARKETING_VERSION = 1.0;
				PRODUCT_BUNDLE_IDENTIFIER = com.dyana.BookMedia;
				PRODUCT_NAME = "$(TARGET_NAME)";
				SWIFT_EMIT_LOC_STRINGS = YES;
				SWIFT_VERSION = 5.0;
				TARGETED_DEVICE_FAMILY = "1,2";
			};
			name = Debug;
		};
		86D88D7D290063EE004B456A /* Release */ = {
			isa = XCBuildConfiguration;
			buildSettings = {
				ASSETCATALOG_COMPILER_APPICON_NAME = AppIcon;
				ASSETCATALOG_COMPILER_GLOBAL_ACCENT_COLOR_NAME = AccentColor;
				CODE_SIGN_STYLE = Automatic;
				CURRENT_PROJECT_VERSION = 1;
				DEVELOPMENT_ASSET_PATHS = "\"BookMedia/Preview Content\"";
				DEVELOPMENT_TEAM = FA2SLC6S8Z;
				ENABLE_PREVIEWS = YES;
				GENERATE_INFOPLIST_FILE = YES;
				INFOPLIST_FILE = BookMedia/Info.plist;
				INFOPLIST_KEY_LSApplicationCategoryType = "public.app-category.books";
				INFOPLIST_KEY_UIApplicationSceneManifest_Generation = YES;
				INFOPLIST_KEY_UIApplicationSupportsIndirectInputEvents = YES;
				INFOPLIST_KEY_UILaunchScreen_Generation = YES;
				INFOPLIST_KEY_UISupportedInterfaceOrientations_iPad = "UIInterfaceOrientationPortrait UIInterfaceOrientationPortraitUpsideDown UIInterfaceOrientationLandscapeLeft UIInterfaceOrientationLandscapeRight";
				INFOPLIST_KEY_UISupportedInterfaceOrientations_iPhone = "UIInterfaceOrientationPortrait UIInterfaceOrientationLandscapeLeft UIInterfaceOrientationLandscapeRight";
				IPHONEOS_DEPLOYMENT_TARGET = 14.0;
				LD_RUNPATH_SEARCH_PATHS = (
					"$(inherited)",
					"@executable_path/Frameworks",
				);
				MARKETING_VERSION = 1.0;
				PRODUCT_BUNDLE_IDENTIFIER = com.dyana.BookMedia;
				PRODUCT_NAME = "$(TARGET_NAME)";
				SWIFT_EMIT_LOC_STRINGS = YES;
				SWIFT_VERSION = 5.0;
				TARGETED_DEVICE_FAMILY = "1,2";
			};
			name = Release;
		};
		86D88D8929006455004B456A /* Debug */ = {
			isa = XCBuildConfiguration;
			buildSettings = {
				BUNDLE_LOADER = "$(TEST_HOST)";
				CODE_SIGN_STYLE = Automatic;
				CURRENT_PROJECT_VERSION = 1;
				DEVELOPMENT_TEAM = FA2SLC6S8Z;
				GENERATE_INFOPLIST_FILE = YES;
				IPHONEOS_DEPLOYMENT_TARGET = 16.0;
				MARKETING_VERSION = 1.0;
				PRODUCT_BUNDLE_IDENTIFIER = com.dyana.BookMediaTests;
				PRODUCT_NAME = "$(TARGET_NAME)";
				SWIFT_EMIT_LOC_STRINGS = NO;
				SWIFT_VERSION = 5.0;
				TARGETED_DEVICE_FAMILY = "1,2";
				TEST_HOST = "$(BUILT_PRODUCTS_DIR)/BookMedia.app/$(BUNDLE_EXECUTABLE_FOLDER_PATH)/BookMedia";
			};
			name = Debug;
		};
		86D88D8A29006455004B456A /* Release */ = {
			isa = XCBuildConfiguration;
			buildSettings = {
				BUNDLE_LOADER = "$(TEST_HOST)";
				CODE_SIGN_STYLE = Automatic;
				CURRENT_PROJECT_VERSION = 1;
				DEVELOPMENT_TEAM = FA2SLC6S8Z;
				GENERATE_INFOPLIST_FILE = YES;
				IPHONEOS_DEPLOYMENT_TARGET = 16.0;
				MARKETING_VERSION = 1.0;
				PRODUCT_BUNDLE_IDENTIFIER = com.dyana.BookMediaTests;
				PRODUCT_NAME = "$(TARGET_NAME)";
				SWIFT_EMIT_LOC_STRINGS = NO;
				SWIFT_VERSION = 5.0;
				TARGETED_DEVICE_FAMILY = "1,2";
				TEST_HOST = "$(BUILT_PRODUCTS_DIR)/BookMedia.app/$(BUNDLE_EXECUTABLE_FOLDER_PATH)/BookMedia";
			};
			name = Release;
		};
/* End XCBuildConfiguration section */

/* Begin XCConfigurationList section */
		86D88D68290063EA004B456A /* Build configuration list for PBXProject "BookMedia" */ = {
			isa = XCConfigurationList;
			buildConfigurations = (
				86D88D79290063EE004B456A /* Debug */,
				86D88D7A290063EE004B456A /* Release */,
			);
			defaultConfigurationIsVisible = 0;
			defaultConfigurationName = Release;
		};
		86D88D7B290063EE004B456A /* Build configuration list for PBXNativeTarget "BookMedia" */ = {
			isa = XCConfigurationList;
			buildConfigurations = (
				86D88D7C290063EE004B456A /* Debug */,
				86D88D7D290063EE004B456A /* Release */,
			);
			defaultConfigurationIsVisible = 0;
			defaultConfigurationName = Release;
		};
		86D88D8829006455004B456A /* Build configuration list for PBXNativeTarget "BookMediaTests" */ = {
			isa = XCConfigurationList;
			buildConfigurations = (
				86D88D8929006455004B456A /* Debug */,
				86D88D8A29006455004B456A /* Release */,
			);
			defaultConfigurationIsVisible = 0;
			defaultConfigurationName = Release;
		};
/* End XCConfigurationList section */

/* Begin XCRemoteSwiftPackageReference section */
		86406BB22901BCB000B3CD8D /* XCRemoteSwiftPackageReference "Alamofire" */ = {
			isa = XCRemoteSwiftPackageReference;
			repositoryURL = "https://github.com/Alamofire/Alamofire.git";
			requirement = {
				kind = upToNextMajorVersion;
				minimumVersion = 5.6.1;
			};
		};
/* End XCRemoteSwiftPackageReference section */

/* Begin XCSwiftPackageProductDependency section */
		86406BB32901BCB000B3CD8D /* Alamofire */ = {
			isa = XCSwiftPackageProductDependency;
			package = 86406BB22901BCB000B3CD8D /* XCRemoteSwiftPackageReference "Alamofire" */;
			productName = Alamofire;
		};
/* End XCSwiftPackageProductDependency section */
	};
	rootObject = 86D88D65290063EA004B456A /* Project object */;
}
